<!doctype html>
<html lang="pt-BR" class="scroll-smooth">
  <head>
    <meta charset="UTF-8" />
    <meta name="viewport" content="width=device-width, initial-scale=1.0" />
    <title>MALU | Social Media Estrategista</title>
    <meta name="description" content="Estratégias e criação de conteúdo para negócios que procuram se posicionar nas redes sociais." />
    <meta property="og:title" content="MALU | Social Media Estrategista" />
    <meta property="og:description" content="Transforme suas redes sociais em canal de vendas." />
    <meta property="og:type" content="website" />
  </head>
  <body>
    <div id="root"></div>
    <script type="module" src="/src/main.tsx"></script>
  </body>
</html>
